// !$*UTF8*$!
{
	archiveVersion = 1;
	classes = {
	};
	objectVersion = 50;
	objects = {

/* Begin PBXBuildFile section */
		CF0C8AF825F15BFA00617621 /* BigBang.json in Resources */ = {isa = PBXBuildFile; fileRef = CF0C8AF725F15BFA00617621 /* BigBang.json */; };
		CF0C8AFB25F161C400617621 /* BigBangModel.swift in Sources */ = {isa = PBXBuildFile; fileRef = CF0C8AFA25F161C400617621 /* BigBangModel.swift */; };
		CF0C8B0525F1663500617621 /* FavoritesTableViewController.swift in Sources */ = {isa = PBXBuildFile; fileRef = CF0C8B0425F1663500617621 /* FavoritesTableViewController.swift */; };
		CF0C8B0925F169CE00617621 /* DetailEpisodeTableViewController.swift in Sources */ = {isa = PBXBuildFile; fileRef = CF0C8B0825F169CE00617621 /* DetailEpisodeTableViewController.swift */; };
		CF2023AA25FE9132002EE323 /* Extension.swift in Sources */ = {isa = PBXBuildFile; fileRef = CF2023A925FE9132002EE323 /* Extension.swift */; };
		CF38444825FE2924003E2F18 /* Network.swift in Sources */ = {isa = PBXBuildFile; fileRef = CF38444725FE2924003E2F18 /* Network.swift */; };
		CF38444E25FE2F29003E2F18 /* FileManager.swift in Sources */ = {isa = PBXBuildFile; fileRef = CF38444D25FE2F29003E2F18 /* FileManager.swift */; };
		CF38445125FE2FDB003E2F18 /* Enums.swift in Sources */ = {isa = PBXBuildFile; fileRef = CF38445025FE2FDB003E2F18 /* Enums.swift */; };
		CFAE646225F038CA008107E5 /* AppDelegate.swift in Sources */ = {isa = PBXBuildFile; fileRef = CFAE646125F038CA008107E5 /* AppDelegate.swift */; };
		CFAE646425F038CA008107E5 /* SceneDelegate.swift in Sources */ = {isa = PBXBuildFile; fileRef = CFAE646325F038CA008107E5 /* SceneDelegate.swift */; };
		CFAE646925F038CA008107E5 /* Main.storyboard in Resources */ = {isa = PBXBuildFile; fileRef = CFAE646725F038CA008107E5 /* Main.storyboard */; };
		CFAE646B25F038CB008107E5 /* Assets.xcassets in Resources */ = {isa = PBXBuildFile; fileRef = CFAE646A25F038CB008107E5 /* Assets.xcassets */; };
		CFAE646E25F038CB008107E5 /* LaunchScreen.storyboard in Resources */ = {isa = PBXBuildFile; fileRef = CFAE646C25F038CB008107E5 /* LaunchScreen.storyboard */; };
		CFAE647725F03CB4008107E5 /* EpisodesTableViewController.swift in Sources */ = {isa = PBXBuildFile; fileRef = CFAE647625F03CB4008107E5 /* EpisodesTableViewController.swift */; };
/* End PBXBuildFile section */

/* Begin PBXFileReference section */
		CF0C8AF725F15BFA00617621 /* BigBang.json */ = {isa = PBXFileReference; fileEncoding = 4; lastKnownFileType = text.json; path = BigBang.json; sourceTree = "<group>"; };
		CF0C8AFA25F161C400617621 /* BigBangModel.swift */ = {isa = PBXFileReference; lastKnownFileType = sourcecode.swift; path = BigBangModel.swift; sourceTree = "<group>"; };
		CF0C8B0425F1663500617621 /* FavoritesTableViewController.swift */ = {isa = PBXFileReference; lastKnownFileType = sourcecode.swift; path = FavoritesTableViewController.swift; sourceTree = "<group>"; };
		CF0C8B0825F169CE00617621 /* DetailEpisodeTableViewController.swift */ = {isa = PBXFileReference; lastKnownFileType = sourcecode.swift; path = DetailEpisodeTableViewController.swift; sourceTree = "<group>"; };
		CF2023A925FE9132002EE323 /* Extension.swift */ = {isa = PBXFileReference; lastKnownFileType = sourcecode.swift; path = Extension.swift; sourceTree = "<group>"; };
		CF38444725FE2924003E2F18 /* Network.swift */ = {isa = PBXFileReference; lastKnownFileType = sourcecode.swift; path = Network.swift; sourceTree = "<group>"; };
		CF38444D25FE2F29003E2F18 /* FileManager.swift */ = {isa = PBXFileReference; lastKnownFileType = sourcecode.swift; path = FileManager.swift; sourceTree = "<group>"; };
		CF38445025FE2FDB003E2F18 /* Enums.swift */ = {isa = PBXFileReference; lastKnownFileType = sourcecode.swift; path = Enums.swift; sourceTree = "<group>"; };
		CFAE645E25F038CA008107E5 /* BigBangTheory.app */ = {isa = PBXFileReference; explicitFileType = wrapper.application; includeInIndex = 0; path = BigBangTheory.app; sourceTree = BUILT_PRODUCTS_DIR; };
		CFAE646125F038CA008107E5 /* AppDelegate.swift */ = {isa = PBXFileReference; lastKnownFileType = sourcecode.swift; path = AppDelegate.swift; sourceTree = "<group>"; };
		CFAE646325F038CA008107E5 /* SceneDelegate.swift */ = {isa = PBXFileReference; lastKnownFileType = sourcecode.swift; path = SceneDelegate.swift; sourceTree = "<group>"; };
		CFAE646825F038CA008107E5 /* Base */ = {isa = PBXFileReference; lastKnownFileType = file.storyboard; name = Base; path = Base.lproj/Main.storyboard; sourceTree = "<group>"; };
		CFAE646A25F038CB008107E5 /* Assets.xcassets */ = {isa = PBXFileReference; lastKnownFileType = folder.assetcatalog; path = Assets.xcassets; sourceTree = "<group>"; };
		CFAE646D25F038CB008107E5 /* Base */ = {isa = PBXFileReference; lastKnownFileType = file.storyboard; name = Base; path = Base.lproj/LaunchScreen.storyboard; sourceTree = "<group>"; };
		CFAE646F25F038CB008107E5 /* Info.plist */ = {isa = PBXFileReference; lastKnownFileType = text.plist.xml; path = Info.plist; sourceTree = "<group>"; };
		CFAE647625F03CB4008107E5 /* EpisodesTableViewController.swift */ = {isa = PBXFileReference; lastKnownFileType = sourcecode.swift; path = EpisodesTableViewController.swift; sourceTree = "<group>"; };
/* End PBXFileReference section */

/* Begin PBXFrameworksBuildPhase section */
		CFAE645B25F038CA008107E5 /* Frameworks */ = {
			isa = PBXFrameworksBuildPhase;
			buildActionMask = 2147483647;
			files = (
			);
			runOnlyForDeploymentPostprocessing = 0;
		};
/* End PBXFrameworksBuildPhase section */

/* Begin PBXGroup section */
		CF0C8AFD25F161C900617621 /* Model */ = {
			isa = PBXGroup;
			children = (
				CF0C8AFA25F161C400617621 /* BigBangModel.swift */,
			);
			path = Model;
			sourceTree = "<group>";
		};
		CF0C8B0225F165E300617621 /* Views */ = {
			isa = PBXGroup;
			children = (
				CFAE646725F038CA008107E5 /* Main.storyboard */,
				CFAE646C25F038CB008107E5 /* LaunchScreen.storyboard */,
			);
			path = Views;
			sourceTree = "<group>";
		};
		CF38443925FE0B6E003E2F18 /* App */ = {
			isa = PBXGroup;
			children = (
				CFAE646125F038CA008107E5 /* AppDelegate.swift */,
				CFAE646325F038CA008107E5 /* SceneDelegate.swift */,
			);
			path = App;
			sourceTree = "<group>";
		};
		CF38443C25FE0CAA003E2F18 /* Controllers */ = {
			isa = PBXGroup;
			children = (
				CF38443D25FE0CC2003E2F18 /* Episodes */,
				CF38443E25FE0CFA003E2F18 /* Favorites */,
			);
			path = Controllers;
			sourceTree = "<group>";
		};
		CF38443D25FE0CC2003E2F18 /* Episodes */ = {
			isa = PBXGroup;
			children = (
				CFAE647625F03CB4008107E5 /* EpisodesTableViewController.swift */,
				CF0C8B0825F169CE00617621 /* DetailEpisodeTableViewController.swift */,
			);
			path = Episodes;
			sourceTree = "<group>";
		};
		CF38443E25FE0CFA003E2F18 /* Favorites */ = {
			isa = PBXGroup;
			children = (
				CF0C8B0425F1663500617621 /* FavoritesTableViewController.swift */,
			);
			path = Favorites;
			sourceTree = "<group>";
		};
		CF38444A25FE2934003E2F18 /* Util */ = {
			isa = PBXGroup;
			children = (
				CF38445025FE2FDB003E2F18 /* Enums.swift */,
				CF38444D25FE2F29003E2F18 /* FileManager.swift */,
				CF38444725FE2924003E2F18 /* Network.swift */,
				CF2023A925FE9132002EE323 /* Extension.swift */,
			);
			path = Util;
			sourceTree = "<group>";
		};
		CFAE645525F038CA008107E5 = {
			isa = PBXGroup;
			children = (
				CFAE646025F038CA008107E5 /* BigBangTheory */,
				CFAE645F25F038CA008107E5 /* Products */,
			);
			sourceTree = "<group>";
		};
		CFAE645F25F038CA008107E5 /* Products */ = {
			isa = PBXGroup;
			children = (
				CFAE645E25F038CA008107E5 /* BigBangTheory.app */,
			);
			name = Products;
			sourceTree = "<group>";
		};
		CFAE646025F038CA008107E5 /* BigBangTheory */ = {
			isa = PBXGroup;
			children = (
				CF38443925FE0B6E003E2F18 /* App */,
				CF0C8AFD25F161C900617621 /* Model */,
				CF0C8B0225F165E300617621 /* Views */,
				CF38443C25FE0CAA003E2F18 /* Controllers */,
				CF38444A25FE2934003E2F18 /* Util */,
				CFAE646A25F038CB008107E5 /* Assets.xcassets */,
				CF0C8AF725F15BFA00617621 /* BigBang.json */,
				CFAE646F25F038CB008107E5 /* Info.plist */,
			);
			path = BigBangTheory;
			sourceTree = "<group>";
		};
/* End PBXGroup section */

/* Begin PBXNativeTarget section */
		CFAE645D25F038CA008107E5 /* BigBangTheory */ = {
			isa = PBXNativeTarget;
			buildConfigurationList = CFAE647225F038CB008107E5 /* Build configuration list for PBXNativeTarget "BigBangTheory" */;
			buildPhases = (
				CFAE645A25F038CA008107E5 /* Sources */,
				CFAE645B25F038CA008107E5 /* Frameworks */,
				CFAE645C25F038CA008107E5 /* Resources */,
			);
			buildRules = (
			);
			dependencies = (
			);
			name = BigBangTheory;
			productName = BigBangTheory;
			productReference = CFAE645E25F038CA008107E5 /* BigBangTheory.app */;
			productType = "com.apple.product-type.application";
		};
/* End PBXNativeTarget section */

/* Begin PBXProject section */
		CFAE645625F038CA008107E5 /* Project object */ = {
			isa = PBXProject;
			attributes = {
				LastSwiftUpdateCheck = 1240;
				LastUpgradeCheck = 1240;
				TargetAttributes = {
					CFAE645D25F038CA008107E5 = {
						CreatedOnToolsVersion = 12.4;
					};
				};
			};
			buildConfigurationList = CFAE645925F038CA008107E5 /* Build configuration list for PBXProject "BigBangTheory" */;
			compatibilityVersion = "Xcode 9.3";
			developmentRegion = en;
			hasScannedForEncodings = 0;
			knownRegions = (
				en,
				Base,
			);
			mainGroup = CFAE645525F038CA008107E5;
			productRefGroup = CFAE645F25F038CA008107E5 /* Products */;
			projectDirPath = "";
			projectRoot = "";
			targets = (
				CFAE645D25F038CA008107E5 /* BigBangTheory */,
			);
		};
/* End PBXProject section */

/* Begin PBXResourcesBuildPhase section */
		CFAE645C25F038CA008107E5 /* Resources */ = {
			isa = PBXResourcesBuildPhase;
			buildActionMask = 2147483647;
			files = (
				CFAE646E25F038CB008107E5 /* LaunchScreen.storyboard in Resources */,
				CFAE646B25F038CB008107E5 /* Assets.xcassets in Resources */,
				CF0C8AF825F15BFA00617621 /* BigBang.json in Resources */,
				CFAE646925F038CA008107E5 /* Main.storyboard in Resources */,
			);
			runOnlyForDeploymentPostprocessing = 0;
		};
/* End PBXResourcesBuildPhase section */

/* Begin PBXSourcesBuildPhase section */
		CFAE645A25F038CA008107E5 /* Sources */ = {
			isa = PBXSourcesBuildPhase;
			buildActionMask = 2147483647;
			files = (
				CF0C8AFB25F161C400617621 /* BigBangModel.swift in Sources */,
				CF0C8B0525F1663500617621 /* FavoritesTableViewController.swift in Sources */,
				CFAE647725F03CB4008107E5 /* EpisodesTableViewController.swift in Sources */,
				CFAE646225F038CA008107E5 /* AppDelegate.swift in Sources */,
				CFAE646425F038CA008107E5 /* SceneDelegate.swift in Sources */,
				CF2023AA25FE9132002EE323 /* Extension.swift in Sources */,
				CF38444825FE2924003E2F18 /* Network.swift in Sources */,
				CF0C8B0925F169CE00617621 /* DetailEpisodeTableViewController.swift in Sources */,
				CF38445125FE2FDB003E2F18 /* Enums.swift in Sources */,
				CF38444E25FE2F29003E2F18 /* FileManager.swift in Sources */,
			);
			runOnlyForDeploymentPostprocessing = 0;
		};
/* End PBXSourcesBuildPhase section */

/* Begin PBXVariantGroup section */
		CFAE646725F038CA008107E5 /* Main.storyboard */ = {
			isa = PBXVariantGroup;
			children = (
				CFAE646825F038CA008107E5 /* Base */,
			);
			name = Main.storyboard;
			sourceTree = "<group>";
		};
		CFAE646C25F038CB008107E5 /* LaunchScreen.storyboard */ = {
			isa = PBXVariantGroup;
			children = (
				CFAE646D25F038CB008107E5 /* Base */,
			);
			name = LaunchScreen.storyboard;
			sourceTree = "<group>";
		};
/* End PBXVariantGroup section */

/* Begin XCBuildConfiguration section */
		CFAE647025F038CB008107E5 /* Debug */ = {
			isa = XCBuildConfiguration;
			buildSettings = {
				ALWAYS_SEARCH_USER_PATHS = NO;
				CLANG_ANALYZER_NONNULL = YES;
				CLANG_ANALYZER_NUMBER_OBJECT_CONVERSION = YES_AGGRESSIVE;
				CLANG_CXX_LANGUAGE_STANDARD = "gnu++14";
				CLANG_CXX_LIBRARY = "libc++";
				CLANG_ENABLE_MODULES = YES;
				CLANG_ENABLE_OBJC_ARC = YES;
				CLANG_ENABLE_OBJC_WEAK = YES;
				CLANG_WARN_BLOCK_CAPTURE_AUTORELEASING = YES;
				CLANG_WARN_BOOL_CONVERSION = YES;
				CLANG_WARN_COMMA = YES;
				CLANG_WARN_CONSTANT_CONVERSION = YES;
				CLANG_WARN_DEPRECATED_OBJC_IMPLEMENTATIONS = YES;
				CLANG_WARN_DIRECT_OBJC_ISA_USAGE = YES_ERROR;
				CLANG_WARN_DOCUMENTATION_COMMENTS = YES;
				CLANG_WARN_EMPTY_BODY = YES;
				CLANG_WARN_ENUM_CONVERSION = YES;
				CLANG_WARN_INFINITE_RECURSION = YES;
				CLANG_WARN_INT_CONVERSION = YES;
				CLANG_WARN_NON_LITERAL_NULL_CONVERSION = YES;
				CLANG_WARN_OBJC_IMPLICIT_RETAIN_SELF = YES;
				CLANG_WARN_OBJC_LITERAL_CONVERSION = YES;
				CLANG_WARN_OBJC_ROOT_CLASS = YES_ERROR;
				CLANG_WARN_QUOTED_INCLUDE_IN_FRAMEWORK_HEADER = YES;
				CLANG_WARN_RANGE_LOOP_ANALYSIS = YES;
				CLANG_WARN_STRICT_PROTOTYPES = YES;
				CLANG_WARN_SUSPICIOUS_MOVE = YES;
				CLANG_WARN_UNGUARDED_AVAILABILITY = YES_AGGRESSIVE;
				CLANG_WARN_UNREACHABLE_CODE = YES;
				CLANG_WARN__DUPLICATE_METHOD_MATCH = YES;
				COPY_PHASE_STRIP = NO;
				DEBUG_INFORMATION_FORMAT = dwarf;
				ENABLE_STRICT_OBJC_MSGSEND = YES;
				ENABLE_TESTABILITY = YES;
				GCC_C_LANGUAGE_STANDARD = gnu11;
				GCC_DYNAMIC_NO_PIC = NO;
				GCC_NO_COMMON_BLOCKS = YES;
				GCC_OPTIMIZATION_LEVEL = 0;
				GCC_PREPROCESSOR_DEFINITIONS = (
					"DEBUG=1",
					"$(inherited)",
				);
				GCC_WARN_64_TO_32_BIT_CONVERSION = YES;
				GCC_WARN_ABOUT_RETURN_TYPE = YES_ERROR;
				GCC_WARN_UNDECLARED_SELECTOR = YES;
				GCC_WARN_UNINITIALIZED_AUTOS = YES_AGGRESSIVE;
				GCC_WARN_UNUSED_FUNCTION = YES;
				GCC_WARN_UNUSED_VARIABLE = YES;
				IPHONEOS_DEPLOYMENT_TARGET = 14.4;
				MTL_ENABLE_DEBUG_INFO = INCLUDE_SOURCE;
				MTL_FAST_MATH = YES;
				ONLY_ACTIVE_ARCH = YES;
				SDKROOT = iphoneos;
				SWIFT_ACTIVE_COMPILATION_CONDITIONS = DEBUG;
				SWIFT_OPTIMIZATION_LEVEL = "-Onone";
			};
			name = Debug;
		};
		CFAE647125F038CB008107E5 /* Release */ = {
			isa = XCBuildConfiguration;
			buildSettings = {
				ALWAYS_SEARCH_USER_PATHS = NO;
				CLANG_ANALYZER_NONNULL = YES;
				CLANG_ANALYZER_NUMBER_OBJECT_CONVERSION = YES_AGGRESSIVE;
				CLANG_CXX_LANGUAGE_STANDARD = "gnu++14";
				CLANG_CXX_LIBRARY = "libc++";
				CLANG_ENABLE_MODULES = YES;
				CLANG_ENABLE_OBJC_ARC = YES;
				CLANG_ENABLE_OBJC_WEAK = YES;
				CLANG_WARN_BLOCK_CAPTURE_AUTORELEASING = YES;
				CLANG_WARN_BOOL_CONVERSION = YES;
				CLANG_WARN_COMMA = YES;
				CLANG_WARN_CONSTANT_CONVERSION = YES;
				CLANG_WARN_DEPRECATED_OBJC_IMPLEMENTATIONS = YES;
				CLANG_WARN_DIRECT_OBJC_ISA_USAGE = YES_ERROR;
				CLANG_WARN_DOCUMENTATION_COMMENTS = YES;
				CLANG_WARN_EMPTY_BODY = YES;
				CLANG_WARN_ENUM_CONVERSION = YES;
				CLANG_WARN_INFINITE_RECURSION = YES;
				CLANG_WARN_INT_CONVERSION = YES;
				CLANG_WARN_NON_LITERAL_NULL_CONVERSION = YES;
				CLANG_WARN_OBJC_IMPLICIT_RETAIN_SELF = YES;
				CLANG_WARN_OBJC_LITERAL_CONVERSION = YES;
				CLANG_WARN_OBJC_ROOT_CLASS = YES_ERROR;
				CLANG_WARN_QUOTED_INCLUDE_IN_FRAMEWORK_HEADER = YES;
				CLANG_WARN_RANGE_LOOP_ANALYSIS = YES;
				CLANG_WARN_STRICT_PROTOTYPES = YES;
				CLANG_WARN_SUSPICIOUS_MOVE = YES;
				CLANG_WARN_UNGUARDED_AVAILABILITY = YES_AGGRESSIVE;
				CLANG_WARN_UNREACHABLE_CODE = YES;
				CLANG_WARN__DUPLICATE_METHOD_MATCH = YES;
				COPY_PHASE_STRIP = NO;
				DEBUG_INFORMATION_FORMAT = "dwarf-with-dsym";
				ENABLE_NS_ASSERTIONS = NO;
				ENABLE_STRICT_OBJC_MSGSEND = YES;
				GCC_C_LANGUAGE_STANDARD = gnu11;
				GCC_NO_COMMON_BLOCKS = YES;
				GCC_WARN_64_TO_32_BIT_CONVERSION = YES;
				GCC_WARN_ABOUT_RETURN_TYPE = YES_ERROR;
				GCC_WARN_UNDECLARED_SELECTOR = YES;
				GCC_WARN_UNINITIALIZED_AUTOS = YES_AGGRESSIVE;
				GCC_WARN_UNUSED_FUNCTION = YES;
				GCC_WARN_UNUSED_VARIABLE = YES;
				IPHONEOS_DEPLOYMENT_TARGET = 14.4;
				MTL_ENABLE_DEBUG_INFO = NO;
				MTL_FAST_MATH = YES;
				SDKROOT = iphoneos;
				SWIFT_COMPILATION_MODE = wholemodule;
				SWIFT_OPTIMIZATION_LEVEL = "-O";
				VALIDATE_PRODUCT = YES;
			};
			name = Release;
		};
		CFAE647325F038CB008107E5 /* Debug */ = {
			isa = XCBuildConfiguration;
			buildSettings = {
				ASSETCATALOG_COMPILER_APPICON_NAME = AppIcon;
				ASSETCATALOG_COMPILER_GLOBAL_ACCENT_COLOR_NAME = AccentColor;
				CODE_SIGN_STYLE = Automatic;
				DEVELOPMENT_TEAM = 9L3PPN38N6;
				INFOPLIST_FILE = BigBangTheory/Info.plist;
				IPHONEOS_DEPLOYMENT_TARGET = 14.1;
				LD_RUNPATH_SEARCH_PATHS = (
					"$(inherited)",
					"@executable_path/Frameworks",
				);
				PRODUCT_BUNDLE_IDENTIFIER = es.jsantamariap.BigBangTheory;
				PRODUCT_NAME = "$(TARGET_NAME)";
				SWIFT_VERSION = 5.0;
				TARGETED_DEVICE_FAMILY = "1,2";
			};
			name = Debug;
		};
		CFAE647425F038CB008107E5 /* Release */ = {
			isa = XCBuildConfiguration;
			buildSettings = {
				ASSETCATALOG_COMPILER_APPICON_NAME = AppIcon;
				ASSETCATALOG_COMPILER_GLOBAL_ACCENT_COLOR_NAME = AccentColor;
				CODE_SIGN_STYLE = Automatic;
				DEVELOPMENT_TEAM = 9L3PPN38N6;
				INFOPLIST_FILE = BigBangTheory/Info.plist;
				IPHONEOS_DEPLOYMENT_TARGET = 14.1;
				LD_RUNPATH_SEARCH_PATHS = (
					"$(inherited)",
					"@executable_path/Frameworks",
				);
				PRODUCT_BUNDLE_IDENTIFIER = es.jsantamariap.BigBangTheory;
				PRODUCT_NAME = "$(TARGET_NAME)";
				SWIFT_VERSION = 5.0;
				TARGETED_DEVICE_FAMILY = "1,2";
			};
			name = Release;
		};
/* End XCBuildConfiguration section */

/* Begin XCConfigurationList section */
		CFAE645925F038CA008107E5 /* Build configuration list for PBXProject "BigBangTheory" */ = {
			isa = XCConfigurationList;
			buildConfigurations = (
				CFAE647025F038CB008107E5 /* Debug */,
				CFAE647125F038CB008107E5 /* Release */,
			);
			defaultConfigurationIsVisible = 0;
			defaultConfigurationName = Release;
		};
		CFAE647225F038CB008107E5 /* Build configuration list for PBXNativeTarget "BigBangTheory" */ = {
			isa = XCConfigurationList;
			buildConfigurations = (
				CFAE647325F038CB008107E5 /* Debug */,
				CFAE647425F038CB008107E5 /* Release */,
			);
			defaultConfigurationIsVisible = 0;
			defaultConfigurationName = Release;
		};
/* End XCConfigurationList section */
	};
	rootObject = CFAE645625F038CA008107E5 /* Project object */;
}
